schema: '2.0'
stages:
  data_ingestion:
    cmd: python src/components/data_ingestion.py
    deps:
    - path: params.yaml
      hash: md5
      md5: 37cba87985ce3d9d21684e4498f5943e
      size: 544
    - path: src/components/data_ingestion.py
      hash: md5
      md5: a35753def6650b9eccd5e2cbc4a75738
      size: 2921
    params:
      params.yaml:
        data_ingestion.categorical_cols:
        - make
        - model
        - variant
        - transmissionType
        - bodyType
        - fuelType
        - ownership
        - color
        data_ingestion.input_file_path: s3://prashant-mlops-bucket/cars24_v3.xlsx
        data_ingestion.numerical_cols:
        - year
        - odometer
        - fitnessAge
        - featureCount
        data_ingestion.random_state: 42
        data_ingestion.test_size: 0.2
    outs:
    - path: artifacts/data_ingestion/X_test.csv
      hash: md5
      md5: ffac7aaca73f5d1b7d418c700f182987
      size: 222926
    - path: artifacts/data_ingestion/X_train.csv
      hash: md5
      md5: 83d44feb51949888150c04c259baae2c
      size: 888239
    - path: artifacts/data_ingestion/y_test.csv
      hash: md5
      md5: 1389a2b784ed26f8b4d2234257b955d1
      size: 12077
    - path: artifacts/data_ingestion/y_train.csv
      hash: md5
      md5: 281d0b6feaee8dda74153b89d16fb733
      size: 48199
  data_transformation:
    cmd: python src/components/data_transformation.py
    deps:
    - path: artifacts/data_ingestion/X_test.csv
      hash: md5
      md5: ffac7aaca73f5d1b7d418c700f182987
      size: 222926
    - path: artifacts/data_ingestion/X_train.csv
      hash: md5
      md5: 83d44feb51949888150c04c259baae2c
      size: 888239
    - path: artifacts/data_ingestion/y_test.csv
      hash: md5
      md5: 1389a2b784ed26f8b4d2234257b955d1
      size: 12077
    - path: artifacts/data_ingestion/y_train.csv
      hash: md5
      md5: 281d0b6feaee8dda74153b89d16fb733
      size: 48199
    - path: src/components/data_transformation.py
      hash: md5
      md5: d1458bf17d512176b68c6fe71e1e3bd8
      size: 3827
    outs:
    - path: artifacts/data_transformation/X_test_transformed.csv
      hash: md5
      md5: 369306c2c043e2f62deb6a7c670ee4eb
      size: 10294273
    - path: artifacts/data_transformation/X_train_transformed.csv
      hash: md5
      md5: 1ceaf235f76b51c488f9634c4256b002
      size: 41126864
    - path: artifacts/data_transformation/preprocessor.pkl
      hash: md5
      md5: 282ac06ee363bc718843cdd9e7018444
      size: 45959
    - path: artifacts/data_transformation/y_test.csv
      hash: md5
      md5: 1389a2b784ed26f8b4d2234257b955d1
      size: 12077
    - path: artifacts/data_transformation/y_train.csv
      hash: md5
      md5: 281d0b6feaee8dda74153b89d16fb733
      size: 48199
  model_training:
    cmd: python src/components/model_trainer.py
    deps:
    - path: artifacts/data_transformation/X_test_transformed.csv
      hash: md5
      md5: 369306c2c043e2f62deb6a7c670ee4eb
      size: 10294273
    - path: artifacts/data_transformation/X_train_transformed.csv
      hash: md5
      md5: 1ceaf235f76b51c488f9634c4256b002
      size: 41126864
    - path: artifacts/data_transformation/y_test.csv
      hash: md5
      md5: 1389a2b784ed26f8b4d2234257b955d1
      size: 12077
    - path: artifacts/data_transformation/y_train.csv
      hash: md5
      md5: 281d0b6feaee8dda74153b89d16fb733
      size: 48199
    - path: params.yaml
      hash: md5
      md5: 37cba87985ce3d9d21684e4498f5943e
      size: 544
    - path: src/components/model_trainer.py
      hash: md5
      md5: 615cb6d0e5be7efd0b36b340a193d576
      size: 1646
    outs:
    - path: artifacts/model/model.pkl
      hash: md5
      md5: 7898df5c9aed41d020ff8e90041b43c9
      size: 1951105
  model_evaluation:
    cmd: python src/components/model_evaluation.py
    deps:
    - path: artifacts/data_transformation/X_test_transformed.csv
      hash: md5
      md5: 369306c2c043e2f62deb6a7c670ee4eb
      size: 10294273
    - path: artifacts/data_transformation/y_test.csv
      hash: md5
      md5: 1389a2b784ed26f8b4d2234257b955d1
      size: 12077
    - path: artifacts/model/model.pkl
      hash: md5
      md5: 7898df5c9aed41d020ff8e90041b43c9
      size: 1951105
    - path: src/components/model_evaluation.py
      hash: md5
      md5: cdcddf406d1b5b852f7bd85d91bb8770
      size: 1793
  register_model:
    cmd: python src/components/register_model.py
    deps:
    - path: src/components/register_model.py
      hash: md5
      md5: d3e669e92d757334ed2002cee51e6102
      size: 2365
